// !$*UTF8*$!
{
	archiveVersion = 1;
	classes = {
	};
	objectVersion = 50;
	objects = {

/* Begin PBXBuildFile section */
		30C951A120E27243001015B9 /* AppDelegate.swift in Sources */ = {isa = PBXBuildFile; fileRef = 30C951A020E27243001015B9 /* AppDelegate.swift */; };
		30C951A320E27243001015B9 /* MapViewController.swift in Sources */ = {isa = PBXBuildFile; fileRef = 30C951A220E27243001015B9 /* MapViewController.swift */; };
		30C951A620E27243001015B9 /* Main.storyboard in Resources */ = {isa = PBXBuildFile; fileRef = 30C951A420E27243001015B9 /* Main.storyboard */; };
		30C951A820E27245001015B9 /* Assets.xcassets in Resources */ = {isa = PBXBuildFile; fileRef = 30C951A720E27245001015B9 /* Assets.xcassets */; };
		30C951AB20E27245001015B9 /* LaunchScreen.storyboard in Resources */ = {isa = PBXBuildFile; fileRef = 30C951A920E27245001015B9 /* LaunchScreen.storyboard */; };
		30C951C320E27523001015B9 /* MusicBrainzEndpoint.swift in Sources */ = {isa = PBXBuildFile; fileRef = 30C951C220E27523001015B9 /* MusicBrainzEndpoint.swift */; };
		30C951C520E279FF001015B9 /* MusicBrainzEndpointTests.swift in Sources */ = {isa = PBXBuildFile; fileRef = 30C951C420E279FF001015B9 /* MusicBrainzEndpointTests.swift */; };
		30C951C720E28905001015B9 /* BaseNetworking.swift in Sources */ = {isa = PBXBuildFile; fileRef = 30C951C620E28905001015B9 /* BaseNetworking.swift */; };
		30C951C920E28E67001015B9 /* BaseNetworkingTests.swift in Sources */ = {isa = PBXBuildFile; fileRef = 30C951C820E28E67001015B9 /* BaseNetworkingTests.swift */; };
		30C951CC20E29944001015B9 /* PlaceQueryRespond.mock in Resources */ = {isa = PBXBuildFile; fileRef = 30C951CB20E29944001015B9 /* PlaceQueryRespond.mock */; };
		30C951CF20E29ED2001015B9 /* String+extension.swift in Sources */ = {isa = PBXBuildFile; fileRef = 30C951CE20E29ED2001015B9 /* String+extension.swift */; };
		30C951D220E29F72001015B9 /* Utils.swift in Sources */ = {isa = PBXBuildFile; fileRef = 30C951D120E29F72001015B9 /* Utils.swift */; };
		30C951D420E2A2C5001015B9 /* MBLifeSpanModel.swift in Sources */ = {isa = PBXBuildFile; fileRef = 30C951D320E2A2C5001015B9 /* MBLifeSpanModel.swift */; };
		30C951D620E2A319001015B9 /* MBCoordinatesModel.swift in Sources */ = {isa = PBXBuildFile; fileRef = 30C951D520E2A319001015B9 /* MBCoordinatesModel.swift */; };
		30C951D820E2A361001015B9 /* MBPlacesModel.swift in Sources */ = {isa = PBXBuildFile; fileRef = 30C951D720E2A361001015B9 /* MBPlacesModel.swift */; };
		30C951DA20E2A3F5001015B9 /* MBPlaceModel.swift in Sources */ = {isa = PBXBuildFile; fileRef = 30C951D920E2A3F5001015B9 /* MBPlaceModel.swift */; };
		30C951DB20E2B23B001015B9 /* MBCoordinatesModel.swift in Sources */ = {isa = PBXBuildFile; fileRef = 30C951D520E2A319001015B9 /* MBCoordinatesModel.swift */; };
		30C951DC20E2B243001015B9 /* MBLifeSpanModel.swift in Sources */ = {isa = PBXBuildFile; fileRef = 30C951D320E2A2C5001015B9 /* MBLifeSpanModel.swift */; };
		30C951DD20E2B243001015B9 /* MBPlacesModel.swift in Sources */ = {isa = PBXBuildFile; fileRef = 30C951D720E2A361001015B9 /* MBPlacesModel.swift */; };
		30C951DE20E2B243001015B9 /* MBPlaceModel.swift in Sources */ = {isa = PBXBuildFile; fileRef = 30C951D920E2A3F5001015B9 /* MBPlaceModel.swift */; };
		30C951E020E2C079001015B9 /* MBRequestOperation.swift in Sources */ = {isa = PBXBuildFile; fileRef = 30C951DF20E2C079001015B9 /* MBRequestOperation.swift */; };
		30C951E120E2C1A2001015B9 /* MBRequestOperation.swift in Sources */ = {isa = PBXBuildFile; fileRef = 30C951DF20E2C079001015B9 /* MBRequestOperation.swift */; };
		30C951E220E2C1D0001015B9 /* BaseNetworking.swift in Sources */ = {isa = PBXBuildFile; fileRef = 30C951C620E28905001015B9 /* BaseNetworking.swift */; };
		30C951E320E2C1DF001015B9 /* MusicBrainzEndpoint.swift in Sources */ = {isa = PBXBuildFile; fileRef = 30C951C220E27523001015B9 /* MusicBrainzEndpoint.swift */; };
		30C951E520E2CD26001015B9 /* MBRequestOperationTests.swift in Sources */ = {isa = PBXBuildFile; fileRef = 30C951E420E2CD26001015B9 /* MBRequestOperationTests.swift */; };
		30C9521820E2D9A1001015B9 /* MBPlaceBatchRequest.swift in Sources */ = {isa = PBXBuildFile; fileRef = 30C9521720E2D9A1001015B9 /* MBPlaceBatchRequest.swift */; };
		30C9521A20E2E85C001015B9 /* MBPlaceBatchRequestTests.swift in Sources */ = {isa = PBXBuildFile; fileRef = 30C9521920E2E85C001015B9 /* MBPlaceBatchRequestTests.swift */; };
		30C9521B20E2E8C4001015B9 /* MBPlaceBatchRequest.swift in Sources */ = {isa = PBXBuildFile; fileRef = 30C9521720E2D9A1001015B9 /* MBPlaceBatchRequest.swift */; };
		30C9521F20E2F49D001015B9 /* MapViewController+MBPlaceBatchRequestDelegate+extension.swift in Sources */ = {isa = PBXBuildFile; fileRef = 30C9521E20E2F49D001015B9 /* MapViewController+MBPlaceBatchRequestDelegate+extension.swift */; };
		30C9522120E2F860001015B9 /* MapViewController+UISearchBarDelegate+extension.swift in Sources */ = {isa = PBXBuildFile; fileRef = 30C9522020E2F860001015B9 /* MapViewController+UISearchBarDelegate+extension.swift */; };
		30C9522420E2FBCF001015B9 /* MapViewControllerUISearchBarDelegateExtensionTests.swift in Sources */ = {isa = PBXBuildFile; fileRef = 30C9522320E2FBCF001015B9 /* MapViewControllerUISearchBarDelegateExtensionTests.swift */; };
		30C9522520E2FBF8001015B9 /* MapViewController+UISearchBarDelegate+extension.swift in Sources */ = {isa = PBXBuildFile; fileRef = 30C9522020E2F860001015B9 /* MapViewController+UISearchBarDelegate+extension.swift */; };
		30C9522620E2FBFB001015B9 /* MapViewController.swift in Sources */ = {isa = PBXBuildFile; fileRef = 30C951A220E27243001015B9 /* MapViewController.swift */; };
		30C9522720E2FD78001015B9 /* MapViewController+MBPlaceBatchRequestDelegate+extension.swift in Sources */ = {isa = PBXBuildFile; fileRef = 30C9521E20E2F49D001015B9 /* MapViewController+MBPlaceBatchRequestDelegate+extension.swift */; };
		30C9522820E301FA001015B9 /* Main.storyboard in Resources */ = {isa = PBXBuildFile; fileRef = 30C951A420E27243001015B9 /* Main.storyboard */; };
/* End PBXBuildFile section */

/* Begin PBXContainerItemProxy section */
		30C951B220E27245001015B9 /* PBXContainerItemProxy */ = {
			isa = PBXContainerItemProxy;
			containerPortal = 30C9519520E27243001015B9 /* Project object */;
			proxyType = 1;
			remoteGlobalIDString = 30C9519C20E27243001015B9;
			remoteInfo = "musicbrainz-places";
		};
/* End PBXContainerItemProxy section */

/* Begin PBXFileReference section */
		30C9519D20E27243001015B9 /* musicbrainz-places.app */ = {isa = PBXFileReference; explicitFileType = wrapper.application; includeInIndex = 0; path = "musicbrainz-places.app"; sourceTree = BUILT_PRODUCTS_DIR; };
		30C951A020E27243001015B9 /* AppDelegate.swift */ = {isa = PBXFileReference; lastKnownFileType = sourcecode.swift; path = AppDelegate.swift; sourceTree = "<group>"; };
		30C951A220E27243001015B9 /* MapViewController.swift */ = {isa = PBXFileReference; lastKnownFileType = sourcecode.swift; path = MapViewController.swift; sourceTree = "<group>"; };
		30C951A520E27243001015B9 /* Base */ = {isa = PBXFileReference; lastKnownFileType = file.storyboard; name = Base; path = Base.lproj/Main.storyboard; sourceTree = "<group>"; };
		30C951A720E27245001015B9 /* Assets.xcassets */ = {isa = PBXFileReference; lastKnownFileType = folder.assetcatalog; path = Assets.xcassets; sourceTree = "<group>"; };
		30C951AA20E27245001015B9 /* Base */ = {isa = PBXFileReference; lastKnownFileType = file.storyboard; name = Base; path = Base.lproj/LaunchScreen.storyboard; sourceTree = "<group>"; };
		30C951AC20E27245001015B9 /* Info.plist */ = {isa = PBXFileReference; lastKnownFileType = text.plist.xml; path = Info.plist; sourceTree = "<group>"; };
		30C951B120E27245001015B9 /* musicbrainz-placesTests.xctest */ = {isa = PBXFileReference; explicitFileType = wrapper.cfbundle; includeInIndex = 0; path = "musicbrainz-placesTests.xctest"; sourceTree = BUILT_PRODUCTS_DIR; };
		30C951B720E27245001015B9 /* Info.plist */ = {isa = PBXFileReference; lastKnownFileType = text.plist.xml; path = Info.plist; sourceTree = "<group>"; };
		30C951C220E27523001015B9 /* MusicBrainzEndpoint.swift */ = {isa = PBXFileReference; lastKnownFileType = sourcecode.swift; path = MusicBrainzEndpoint.swift; sourceTree = "<group>"; };
		30C951C420E279FF001015B9 /* MusicBrainzEndpointTests.swift */ = {isa = PBXFileReference; lastKnownFileType = sourcecode.swift; path = MusicBrainzEndpointTests.swift; sourceTree = "<group>"; };
		30C951C620E28905001015B9 /* BaseNetworking.swift */ = {isa = PBXFileReference; lastKnownFileType = sourcecode.swift; path = BaseNetworking.swift; sourceTree = "<group>"; };
		30C951C820E28E67001015B9 /* BaseNetworkingTests.swift */ = {isa = PBXFileReference; lastKnownFileType = sourcecode.swift; path = BaseNetworkingTests.swift; sourceTree = "<group>"; };
		30C951CB20E29944001015B9 /* PlaceQueryRespond.mock */ = {isa = PBXFileReference; lastKnownFileType = text; path = PlaceQueryRespond.mock; sourceTree = "<group>"; };
		30C951CE20E29ED2001015B9 /* String+extension.swift */ = {isa = PBXFileReference; lastKnownFileType = sourcecode.swift; path = "String+extension.swift"; sourceTree = "<group>"; };
		30C951D120E29F72001015B9 /* Utils.swift */ = {isa = PBXFileReference; lastKnownFileType = sourcecode.swift; path = Utils.swift; sourceTree = "<group>"; };
		30C951D320E2A2C5001015B9 /* MBLifeSpanModel.swift */ = {isa = PBXFileReference; lastKnownFileType = sourcecode.swift; path = MBLifeSpanModel.swift; sourceTree = "<group>"; };
		30C951D520E2A319001015B9 /* MBCoordinatesModel.swift */ = {isa = PBXFileReference; lastKnownFileType = sourcecode.swift; path = MBCoordinatesModel.swift; sourceTree = "<group>"; };
		30C951D720E2A361001015B9 /* MBPlacesModel.swift */ = {isa = PBXFileReference; lastKnownFileType = sourcecode.swift; path = MBPlacesModel.swift; sourceTree = "<group>"; };
		30C951D920E2A3F5001015B9 /* MBPlaceModel.swift */ = {isa = PBXFileReference; lastKnownFileType = sourcecode.swift; path = MBPlaceModel.swift; sourceTree = "<group>"; };
		30C951DF20E2C079001015B9 /* MBRequestOperation.swift */ = {isa = PBXFileReference; lastKnownFileType = sourcecode.swift; path = MBRequestOperation.swift; sourceTree = "<group>"; };
		30C951E420E2CD26001015B9 /* MBRequestOperationTests.swift */ = {isa = PBXFileReference; lastKnownFileType = sourcecode.swift; path = MBRequestOperationTests.swift; sourceTree = "<group>"; };
		30C9521720E2D9A1001015B9 /* MBPlaceBatchRequest.swift */ = {isa = PBXFileReference; lastKnownFileType = sourcecode.swift; path = MBPlaceBatchRequest.swift; sourceTree = "<group>"; };
		30C9521920E2E85C001015B9 /* MBPlaceBatchRequestTests.swift */ = {isa = PBXFileReference; lastKnownFileType = sourcecode.swift; path = MBPlaceBatchRequestTests.swift; sourceTree = "<group>"; };
		30C9521E20E2F49D001015B9 /* MapViewController+MBPlaceBatchRequestDelegate+extension.swift */ = {isa = PBXFileReference; lastKnownFileType = sourcecode.swift; path = "MapViewController+MBPlaceBatchRequestDelegate+extension.swift"; sourceTree = "<group>"; };
		30C9522020E2F860001015B9 /* MapViewController+UISearchBarDelegate+extension.swift */ = {isa = PBXFileReference; lastKnownFileType = sourcecode.swift; path = "MapViewController+UISearchBarDelegate+extension.swift"; sourceTree = "<group>"; };
		30C9522320E2FBCF001015B9 /* MapViewControllerUISearchBarDelegateExtensionTests.swift */ = {isa = PBXFileReference; lastKnownFileType = sourcecode.swift; path = MapViewControllerUISearchBarDelegateExtensionTests.swift; sourceTree = "<group>"; };
/* End PBXFileReference section */

/* Begin PBXFrameworksBuildPhase section */
		30C9519A20E27243001015B9 /* Frameworks */ = {
			isa = PBXFrameworksBuildPhase;
			buildActionMask = 2147483647;
			files = (
			);
			runOnlyForDeploymentPostprocessing = 0;
		};
		30C951AE20E27245001015B9 /* Frameworks */ = {
			isa = PBXFrameworksBuildPhase;
			buildActionMask = 2147483647;
			files = (
			);
			runOnlyForDeploymentPostprocessing = 0;
		};
/* End PBXFrameworksBuildPhase section */

/* Begin PBXGroup section */
		30C9519420E27243001015B9 = {
			isa = PBXGroup;
			children = (
				30C9519F20E27243001015B9 /* musicbrainz-places */,
				30C951B420E27245001015B9 /* musicbrainz-placesTests */,
				30C9519E20E27243001015B9 /* Products */,
			);
			sourceTree = "<group>";
		};
		30C9519E20E27243001015B9 /* Products */ = {
			isa = PBXGroup;
			children = (
				30C9519D20E27243001015B9 /* musicbrainz-places.app */,
				30C951B120E27245001015B9 /* musicbrainz-placesTests.xctest */,
			);
			name = Products;
			sourceTree = "<group>";
		};
		30C9519F20E27243001015B9 /* musicbrainz-places */ = {
			isa = PBXGroup;
			children = (
				30C9521C20E2F2F7001015B9 /* ViewControllers */,
				30C951C120E274F2001015B9 /* Networking */,
				30C951C020E274E3001015B9 /* Models */,
				30C951A020E27243001015B9 /* AppDelegate.swift */,
				30C951A420E27243001015B9 /* Main.storyboard */,
				30C951A720E27245001015B9 /* Assets.xcassets */,
				30C951A920E27245001015B9 /* LaunchScreen.storyboard */,
				30C951AC20E27245001015B9 /* Info.plist */,
			);
			path = "musicbrainz-places";
			sourceTree = "<group>";
		};
		30C951B420E27245001015B9 /* musicbrainz-placesTests */ = {
			isa = PBXGroup;
			children = (
				30C9522220E2FBB1001015B9 /* MapViewController */,
				30C951CD20E29EBB001015B9 /* Extensions */,
				30C951CA20E29919001015B9 /* DataMocks */,
				30C951D120E29F72001015B9 /* Utils.swift */,
				30C951B720E27245001015B9 /* Info.plist */,
				30C951C420E279FF001015B9 /* MusicBrainzEndpointTests.swift */,
				30C951C820E28E67001015B9 /* BaseNetworkingTests.swift */,
				30C951E420E2CD26001015B9 /* MBRequestOperationTests.swift */,
				30C9521920E2E85C001015B9 /* MBPlaceBatchRequestTests.swift */,
			);
			path = "musicbrainz-placesTests";
			sourceTree = "<group>";
		};
		30C951C020E274E3001015B9 /* Models */ = {
			isa = PBXGroup;
			children = (
				30C951D320E2A2C5001015B9 /* MBLifeSpanModel.swift */,
				30C951D520E2A319001015B9 /* MBCoordinatesModel.swift */,
				30C951D720E2A361001015B9 /* MBPlacesModel.swift */,
				30C951D920E2A3F5001015B9 /* MBPlaceModel.swift */,
			);
			path = Models;
			sourceTree = "<group>";
		};
		30C951C120E274F2001015B9 /* Networking */ = {
			isa = PBXGroup;
			children = (
				30C951C620E28905001015B9 /* BaseNetworking.swift */,
				30C951C220E27523001015B9 /* MusicBrainzEndpoint.swift */,
				30C951DF20E2C079001015B9 /* MBRequestOperation.swift */,
				30C9521720E2D9A1001015B9 /* MBPlaceBatchRequest.swift */,
			);
			path = Networking;
			sourceTree = "<group>";
		};
		30C951CA20E29919001015B9 /* DataMocks */ = {
			isa = PBXGroup;
			children = (
				30C951CB20E29944001015B9 /* PlaceQueryRespond.mock */,
			);
			path = DataMocks;
			sourceTree = "<group>";
		};
		30C951CD20E29EBB001015B9 /* Extensions */ = {
			isa = PBXGroup;
			children = (
				30C951CE20E29ED2001015B9 /* String+extension.swift */,
			);
			path = Extensions;
			sourceTree = "<group>";
		};
		30C9521C20E2F2F7001015B9 /* ViewControllers */ = {
			isa = PBXGroup;
			children = (
				30C9521D20E2F3CE001015B9 /* MapViewController */,
			);
			path = ViewControllers;
			sourceTree = "<group>";
		};
		30C9521D20E2F3CE001015B9 /* MapViewController */ = {
			isa = PBXGroup;
			children = (
				30C951A220E27243001015B9 /* MapViewController.swift */,
				30C9521E20E2F49D001015B9 /* MapViewController+MBPlaceBatchRequestDelegate+extension.swift */,
				30C9522020E2F860001015B9 /* MapViewController+UISearchBarDelegate+extension.swift */,
			);
			path = MapViewController;
			sourceTree = "<group>";
		};
		30C9522220E2FBB1001015B9 /* MapViewController */ = {
			isa = PBXGroup;
			children = (
				30C9522320E2FBCF001015B9 /* MapViewControllerUISearchBarDelegateExtensionTests.swift */,
			);
			path = MapViewController;
			sourceTree = "<group>";
		};
/* End PBXGroup section */

/* Begin PBXNativeTarget section */
		30C9519C20E27243001015B9 /* musicbrainz-places */ = {
			isa = PBXNativeTarget;
			buildConfigurationList = 30C951BA20E27245001015B9 /* Build configuration list for PBXNativeTarget "musicbrainz-places" */;
			buildPhases = (
				30C9519920E27243001015B9 /* Sources */,
				30C9519A20E27243001015B9 /* Frameworks */,
				30C9519B20E27243001015B9 /* Resources */,
			);
			buildRules = (
			);
			dependencies = (
			);
			name = "musicbrainz-places";
			productName = "musicbrainz-places";
			productReference = 30C9519D20E27243001015B9 /* musicbrainz-places.app */;
			productType = "com.apple.product-type.application";
		};
		30C951B020E27245001015B9 /* musicbrainz-placesTests */ = {
			isa = PBXNativeTarget;
			buildConfigurationList = 30C951BD20E27245001015B9 /* Build configuration list for PBXNativeTarget "musicbrainz-placesTests" */;
			buildPhases = (
				30C951AD20E27245001015B9 /* Sources */,
				30C951AE20E27245001015B9 /* Frameworks */,
				30C951AF20E27245001015B9 /* Resources */,
			);
			buildRules = (
			);
			dependencies = (
				30C951B320E27245001015B9 /* PBXTargetDependency */,
			);
			name = "musicbrainz-placesTests";
			productName = "musicbrainz-placesTests";
			productReference = 30C951B120E27245001015B9 /* musicbrainz-placesTests.xctest */;
			productType = "com.apple.product-type.bundle.unit-test";
		};
/* End PBXNativeTarget section */

/* Begin PBXProject section */
		30C9519520E27243001015B9 /* Project object */ = {
			isa = PBXProject;
			attributes = {
				LastSwiftUpdateCheck = 0940;
				LastUpgradeCheck = 0940;
				ORGANIZATIONNAME = "Ramūnas Jurgilas";
				TargetAttributes = {
					30C9519C20E27243001015B9 = {
						CreatedOnToolsVersion = 9.4;
					};
					30C951B020E27245001015B9 = {
						CreatedOnToolsVersion = 9.4;
						TestTargetID = 30C9519C20E27243001015B9;
					};
				};
			};
			buildConfigurationList = 30C9519820E27243001015B9 /* Build configuration list for PBXProject "musicbrainz-places" */;
			compatibilityVersion = "Xcode 9.3";
			developmentRegion = en;
			hasScannedForEncodings = 0;
			knownRegions = (
				en,
				Base,
			);
			mainGroup = 30C9519420E27243001015B9;
			productRefGroup = 30C9519E20E27243001015B9 /* Products */;
			projectDirPath = "";
			projectRoot = "";
			targets = (
				30C9519C20E27243001015B9 /* musicbrainz-places */,
				30C951B020E27245001015B9 /* musicbrainz-placesTests */,
			);
		};
/* End PBXProject section */

/* Begin PBXResourcesBuildPhase section */
		30C9519B20E27243001015B9 /* Resources */ = {
			isa = PBXResourcesBuildPhase;
			buildActionMask = 2147483647;
			files = (
				30C951AB20E27245001015B9 /* LaunchScreen.storyboard in Resources */,
				30C951A820E27245001015B9 /* Assets.xcassets in Resources */,
				30C951A620E27243001015B9 /* Main.storyboard in Resources */,
			);
			runOnlyForDeploymentPostprocessing = 0;
		};
		30C951AF20E27245001015B9 /* Resources */ = {
			isa = PBXResourcesBuildPhase;
			buildActionMask = 2147483647;
			files = (
				30C951CC20E29944001015B9 /* PlaceQueryRespond.mock in Resources */,
				30C9522820E301FA001015B9 /* Main.storyboard in Resources */,
			);
			runOnlyForDeploymentPostprocessing = 0;
		};
/* End PBXResourcesBuildPhase section */

/* Begin PBXSourcesBuildPhase section */
		30C9519920E27243001015B9 /* Sources */ = {
			isa = PBXSourcesBuildPhase;
			buildActionMask = 2147483647;
			files = (
				30C951A320E27243001015B9 /* MapViewController.swift in Sources */,
				30C951C320E27523001015B9 /* MusicBrainzEndpoint.swift in Sources */,
				30C951DA20E2A3F5001015B9 /* MBPlaceModel.swift in Sources */,
				30C951D620E2A319001015B9 /* MBCoordinatesModel.swift in Sources */,
				30C951E020E2C079001015B9 /* MBRequestOperation.swift in Sources */,
				30C9521820E2D9A1001015B9 /* MBPlaceBatchRequest.swift in Sources */,
				30C951C720E28905001015B9 /* BaseNetworking.swift in Sources */,
				30C951A120E27243001015B9 /* AppDelegate.swift in Sources */,
				30C9522120E2F860001015B9 /* MapViewController+UISearchBarDelegate+extension.swift in Sources */,
				30C9521F20E2F49D001015B9 /* MapViewController+MBPlaceBatchRequestDelegate+extension.swift in Sources */,
				30C951D420E2A2C5001015B9 /* MBLifeSpanModel.swift in Sources */,
				30C951D820E2A361001015B9 /* MBPlacesModel.swift in Sources */,
			);
			runOnlyForDeploymentPostprocessing = 0;
		};
		30C951AD20E27245001015B9 /* Sources */ = {
			isa = PBXSourcesBuildPhase;
			buildActionMask = 2147483647;
			files = (
				30C951D220E29F72001015B9 /* Utils.swift in Sources */,
				30C951CF20E29ED2001015B9 /* String+extension.swift in Sources */,
				30C951DB20E2B23B001015B9 /* MBCoordinatesModel.swift in Sources */,
				30C951C520E279FF001015B9 /* MusicBrainzEndpointTests.swift in Sources */,
				30C9522520E2FBF8001015B9 /* MapViewController+UISearchBarDelegate+extension.swift in Sources */,
				30C951E320E2C1DF001015B9 /* MusicBrainzEndpoint.swift in Sources */,
				30C9522720E2FD78001015B9 /* MapViewController+MBPlaceBatchRequestDelegate+extension.swift in Sources */,
				30C9521B20E2E8C4001015B9 /* MBPlaceBatchRequest.swift in Sources */,
				30C951E120E2C1A2001015B9 /* MBRequestOperation.swift in Sources */,
				30C951DC20E2B243001015B9 /* MBLifeSpanModel.swift in Sources */,
				30C951C920E28E67001015B9 /* BaseNetworkingTests.swift in Sources */,
				30C951E220E2C1D0001015B9 /* BaseNetworking.swift in Sources */,
				30C951DD20E2B243001015B9 /* MBPlacesModel.swift in Sources */,
				30C9521A20E2E85C001015B9 /* MBPlaceBatchRequestTests.swift in Sources */,
				30C951E520E2CD26001015B9 /* MBRequestOperationTests.swift in Sources */,
				30C951DE20E2B243001015B9 /* MBPlaceModel.swift in Sources */,
				30C9522420E2FBCF001015B9 /* MapViewControllerUISearchBarDelegateExtensionTests.swift in Sources */,
				30C9522620E2FBFB001015B9 /* MapViewController.swift in Sources */,
			);
			runOnlyForDeploymentPostprocessing = 0;
		};
/* End PBXSourcesBuildPhase section */

/* Begin PBXTargetDependency section */
		30C951B320E27245001015B9 /* PBXTargetDependency */ = {
			isa = PBXTargetDependency;
			target = 30C9519C20E27243001015B9 /* musicbrainz-places */;
			targetProxy = 30C951B220E27245001015B9 /* PBXContainerItemProxy */;
		};
/* End PBXTargetDependency section */

/* Begin PBXVariantGroup section */
		30C951A420E27243001015B9 /* Main.storyboard */ = {
			isa = PBXVariantGroup;
			children = (
				30C951A520E27243001015B9 /* Base */,
			);
			name = Main.storyboard;
			sourceTree = "<group>";
		};
		30C951A920E27245001015B9 /* LaunchScreen.storyboard */ = {
			isa = PBXVariantGroup;
			children = (
				30C951AA20E27245001015B9 /* Base */,
			);
			name = LaunchScreen.storyboard;
			sourceTree = "<group>";
		};
/* End PBXVariantGroup section */

/* Begin XCBuildConfiguration section */
		30C951B820E27245001015B9 /* Debug */ = {
			isa = XCBuildConfiguration;
			buildSettings = {
				ALWAYS_SEARCH_USER_PATHS = NO;
				CLANG_ANALYZER_NONNULL = YES;
				CLANG_ANALYZER_NUMBER_OBJECT_CONVERSION = YES_AGGRESSIVE;
				CLANG_CXX_LANGUAGE_STANDARD = "gnu++14";
				CLANG_CXX_LIBRARY = "libc++";
				CLANG_ENABLE_MODULES = YES;
				CLANG_ENABLE_OBJC_ARC = YES;
				CLANG_ENABLE_OBJC_WEAK = YES;
				CLANG_WARN_BLOCK_CAPTURE_AUTORELEASING = YES;
				CLANG_WARN_BOOL_CONVERSION = YES;
				CLANG_WARN_COMMA = YES;
				CLANG_WARN_CONSTANT_CONVERSION = YES;
				CLANG_WARN_DEPRECATED_OBJC_IMPLEMENTATIONS = YES;
				CLANG_WARN_DIRECT_OBJC_ISA_USAGE = YES_ERROR;
				CLANG_WARN_DOCUMENTATION_COMMENTS = YES;
				CLANG_WARN_EMPTY_BODY = YES;
				CLANG_WARN_ENUM_CONVERSION = YES;
				CLANG_WARN_INFINITE_RECURSION = YES;
				CLANG_WARN_INT_CONVERSION = YES;
				CLANG_WARN_NON_LITERAL_NULL_CONVERSION = YES;
				CLANG_WARN_OBJC_IMPLICIT_RETAIN_SELF = YES;
				CLANG_WARN_OBJC_LITERAL_CONVERSION = YES;
				CLANG_WARN_OBJC_ROOT_CLASS = YES_ERROR;
				CLANG_WARN_RANGE_LOOP_ANALYSIS = YES;
				CLANG_WARN_STRICT_PROTOTYPES = YES;
				CLANG_WARN_SUSPICIOUS_MOVE = YES;
				CLANG_WARN_UNGUARDED_AVAILABILITY = YES_AGGRESSIVE;
				CLANG_WARN_UNREACHABLE_CODE = YES;
				CLANG_WARN__DUPLICATE_METHOD_MATCH = YES;
				CODE_SIGN_IDENTITY = "iPhone Developer";
				COPY_PHASE_STRIP = NO;
				DEBUG_INFORMATION_FORMAT = dwarf;
				ENABLE_STRICT_OBJC_MSGSEND = YES;
				ENABLE_TESTABILITY = YES;
				GCC_C_LANGUAGE_STANDARD = gnu11;
				GCC_DYNAMIC_NO_PIC = NO;
				GCC_NO_COMMON_BLOCKS = YES;
				GCC_OPTIMIZATION_LEVEL = 0;
				GCC_PREPROCESSOR_DEFINITIONS = (
					"DEBUG=1",
					"$(inherited)",
				);
				GCC_WARN_64_TO_32_BIT_CONVERSION = YES;
				GCC_WARN_ABOUT_RETURN_TYPE = YES_ERROR;
				GCC_WARN_UNDECLARED_SELECTOR = YES;
				GCC_WARN_UNINITIALIZED_AUTOS = YES_AGGRESSIVE;
				GCC_WARN_UNUSED_FUNCTION = YES;
				GCC_WARN_UNUSED_VARIABLE = YES;
				IPHONEOS_DEPLOYMENT_TARGET = 11.4;
				MTL_ENABLE_DEBUG_INFO = YES;
				ONLY_ACTIVE_ARCH = YES;
				SDKROOT = iphoneos;
				SWIFT_ACTIVE_COMPILATION_CONDITIONS = DEBUG;
				SWIFT_OPTIMIZATION_LEVEL = "-Onone";
			};
			name = Debug;
		};
		30C951B920E27245001015B9 /* Release */ = {
			isa = XCBuildConfiguration;
			buildSettings = {
				ALWAYS_SEARCH_USER_PATHS = NO;
				CLANG_ANALYZER_NONNULL = YES;
				CLANG_ANALYZER_NUMBER_OBJECT_CONVERSION = YES_AGGRESSIVE;
				CLANG_CXX_LANGUAGE_STANDARD = "gnu++14";
				CLANG_CXX_LIBRARY = "libc++";
				CLANG_ENABLE_MODULES = YES;
				CLANG_ENABLE_OBJC_ARC = YES;
				CLANG_ENABLE_OBJC_WEAK = YES;
				CLANG_WARN_BLOCK_CAPTURE_AUTORELEASING = YES;
				CLANG_WARN_BOOL_CONVERSION = YES;
				CLANG_WARN_COMMA = YES;
				CLANG_WARN_CONSTANT_CONVERSION = YES;
				CLANG_WARN_DEPRECATED_OBJC_IMPLEMENTATIONS = YES;
				CLANG_WARN_DIRECT_OBJC_ISA_USAGE = YES_ERROR;
				CLANG_WARN_DOCUMENTATION_COMMENTS = YES;
				CLANG_WARN_EMPTY_BODY = YES;
				CLANG_WARN_ENUM_CONVERSION = YES;
				CLANG_WARN_INFINITE_RECURSION = YES;
				CLANG_WARN_INT_CONVERSION = YES;
				CLANG_WARN_NON_LITERAL_NULL_CONVERSION = YES;
				CLANG_WARN_OBJC_IMPLICIT_RETAIN_SELF = YES;
				CLANG_WARN_OBJC_LITERAL_CONVERSION = YES;
				CLANG_WARN_OBJC_ROOT_CLASS = YES_ERROR;
				CLANG_WARN_RANGE_LOOP_ANALYSIS = YES;
				CLANG_WARN_STRICT_PROTOTYPES = YES;
				CLANG_WARN_SUSPICIOUS_MOVE = YES;
				CLANG_WARN_UNGUARDED_AVAILABILITY = YES_AGGRESSIVE;
				CLANG_WARN_UNREACHABLE_CODE = YES;
				CLANG_WARN__DUPLICATE_METHOD_MATCH = YES;
				CODE_SIGN_IDENTITY = "iPhone Developer";
				COPY_PHASE_STRIP = NO;
				DEBUG_INFORMATION_FORMAT = "dwarf-with-dsym";
				ENABLE_NS_ASSERTIONS = NO;
				ENABLE_STRICT_OBJC_MSGSEND = YES;
				GCC_C_LANGUAGE_STANDARD = gnu11;
				GCC_NO_COMMON_BLOCKS = YES;
				GCC_WARN_64_TO_32_BIT_CONVERSION = YES;
				GCC_WARN_ABOUT_RETURN_TYPE = YES_ERROR;
				GCC_WARN_UNDECLARED_SELECTOR = YES;
				GCC_WARN_UNINITIALIZED_AUTOS = YES_AGGRESSIVE;
				GCC_WARN_UNUSED_FUNCTION = YES;
				GCC_WARN_UNUSED_VARIABLE = YES;
				IPHONEOS_DEPLOYMENT_TARGET = 11.4;
				MTL_ENABLE_DEBUG_INFO = NO;
				SDKROOT = iphoneos;
				SWIFT_COMPILATION_MODE = wholemodule;
				SWIFT_OPTIMIZATION_LEVEL = "-O";
				VALIDATE_PRODUCT = YES;
			};
			name = Release;
		};
		30C951BB20E27245001015B9 /* Debug */ = {
			isa = XCBuildConfiguration;
			buildSettings = {
				ASSETCATALOG_COMPILER_APPICON_NAME = AppIcon;
				CODE_SIGN_STYLE = Automatic;
				DEVELOPMENT_TEAM = TA7TSBJ7ZW;
				INFOPLIST_FILE = "musicbrainz-places/Info.plist";
				LD_RUNPATH_SEARCH_PATHS = (
					"$(inherited)",
					"@executable_path/Frameworks",
				);
				PRODUCT_BUNDLE_IDENTIFIER = "lt.rj.musicbrainz-places";
				PRODUCT_NAME = "$(TARGET_NAME)";
				SWIFT_VERSION = 4.0;
				TARGETED_DEVICE_FAMILY = "1,2";
			};
			name = Debug;
		};
		30C951BC20E27245001015B9 /* Release */ = {
			isa = XCBuildConfiguration;
			buildSettings = {
				ASSETCATALOG_COMPILER_APPICON_NAME = AppIcon;
				CODE_SIGN_STYLE = Automatic;
				DEVELOPMENT_TEAM = TA7TSBJ7ZW;
				INFOPLIST_FILE = "musicbrainz-places/Info.plist";
				LD_RUNPATH_SEARCH_PATHS = (
					"$(inherited)",
					"@executable_path/Frameworks",
				);
				PRODUCT_BUNDLE_IDENTIFIER = "lt.rj.musicbrainz-places";
				PRODUCT_NAME = "$(TARGET_NAME)";
				SWIFT_VERSION = 4.0;
				TARGETED_DEVICE_FAMILY = "1,2";
			};
			name = Release;
		};
		30C951BE20E27245001015B9 /* Debug */ = {
			isa = XCBuildConfiguration;
			buildSettings = {
				ALWAYS_EMBED_SWIFT_STANDARD_LIBRARIES = YES;
				BUNDLE_LOADER = "$(TEST_HOST)";
				CODE_SIGN_STYLE = Automatic;
				DEVELOPMENT_TEAM = TA7TSBJ7ZW;
				INFOPLIST_FILE = "musicbrainz-placesTests/Info.plist";
				LD_RUNPATH_SEARCH_PATHS = (
					"$(inherited)",
					"@executable_path/Frameworks",
					"@loader_path/Frameworks",
				);
				PRODUCT_BUNDLE_IDENTIFIER = "lt.rj.musicbrainz-placesTests";
				PRODUCT_NAME = "$(TARGET_NAME)";
				SWIFT_VERSION = 4.0;
				TARGETED_DEVICE_FAMILY = "1,2";
				TEST_HOST = "$(BUILT_PRODUCTS_DIR)/musicbrainz-places.app/musicbrainz-places";
			};
			name = Debug;
		};
		30C951BF20E27245001015B9 /* Release */ = {
			isa = XCBuildConfiguration;
			buildSettings = {
				ALWAYS_EMBED_SWIFT_STANDARD_LIBRARIES = YES;
				BUNDLE_LOADER = "$(TEST_HOST)";
				CODE_SIGN_STYLE = Automatic;
				DEVELOPMENT_TEAM = TA7TSBJ7ZW;
				INFOPLIST_FILE = "musicbrainz-placesTests/Info.plist";
				LD_RUNPATH_SEARCH_PATHS = (
					"$(inherited)",
					"@executable_path/Frameworks",
					"@loader_path/Frameworks",
				);
				PRODUCT_BUNDLE_IDENTIFIER = "lt.rj.musicbrainz-placesTests";
				PRODUCT_NAME = "$(TARGET_NAME)";
				SWIFT_VERSION = 4.0;
				TARGETED_DEVICE_FAMILY = "1,2";
				TEST_HOST = "$(BUILT_PRODUCTS_DIR)/musicbrainz-places.app/musicbrainz-places";
			};
			name = Release;
		};
/* End XCBuildConfiguration section */

/* Begin XCConfigurationList section */
		30C9519820E27243001015B9 /* Build configuration list for PBXProject "musicbrainz-places" */ = {
			isa = XCConfigurationList;
			buildConfigurations = (
				30C951B820E27245001015B9 /* Debug */,
				30C951B920E27245001015B9 /* Release */,
			);
			defaultConfigurationIsVisible = 0;
			defaultConfigurationName = Release;
		};
		30C951BA20E27245001015B9 /* Build configuration list for PBXNativeTarget "musicbrainz-places" */ = {
			isa = XCConfigurationList;
			buildConfigurations = (
				30C951BB20E27245001015B9 /* Debug */,
				30C951BC20E27245001015B9 /* Release */,
			);
			defaultConfigurationIsVisible = 0;
			defaultConfigurationName = Release;
		};
		30C951BD20E27245001015B9 /* Build configuration list for PBXNativeTarget "musicbrainz-placesTests" */ = {
			isa = XCConfigurationList;
			buildConfigurations = (
				30C951BE20E27245001015B9 /* Debug */,
				30C951BF20E27245001015B9 /* Release */,
			);
			defaultConfigurationIsVisible = 0;
			defaultConfigurationName = Release;
		};
/* End XCConfigurationList section */
	};
	rootObject = 30C9519520E27243001015B9 /* Project object */;
}
